
Microsoft Visual Studio Solution File, Format Version 12.00
# Visual Studio Version 17
VisualStudioVersion = 17.4.33213.308
MinimumVisualStudioVersion = 10.0.40219.1
Project("{FAE04EC0-301F-11D3-BF4B-00C04F79EFBC}") = "Kysymykset", "Kysymykset\Kysymykset.csproj", "{9C3D6768-A869-4E12-B416-AED92741F002}"
EndProject
Global
	GlobalSection(SolutionConfigurationPlatforms) = preSolution
		Debug|Any CPU = Debug|Any CPU
		Release|Any CPU = Release|Any CPU
	EndGlobalSection
	GlobalSection(ProjectConfigurationPlatforms) = postSolution
		{9C3D6768-A869-4E12-B416-AED92741F002}.Debug|Any CPU.ActiveCfg = Debug|Any CPU
		{9C3D6768-A869-4E12-B416-AED92741F002}.Debug|Any CPU.Build.0 = Debug|Any CPU
		{9C3D6768-A869-4E12-B416-AED92741F002}.Release|Any CPU.ActiveCfg = Release|Any CPU
		{9C3D6768-A869-4E12-B416-AED92741F002}.Release|Any CPU.Build.0 = Release|Any CPU
	EndGlobalSection
	GlobalSection(SolutionProperties) = preSolution
		HideSolutionNode = FALSE
	EndGlobalSection
	GlobalSection(ExtensibilityGlobals) = postSolution
		SolutionGuid = {D60DE47B-9130-4406-85D0-BA624AA20161}
	EndGlobalSection
EndGlobal
