
Microsoft Visual Studio Solution File, Format Version 12.00
# Visual Studio Version 17
VisualStudioVersion = 17.4.33213.308
MinimumVisualStudioVersion = 10.0.40219.1
Project("{FAE04EC0-301F-11D3-BF4B-00C04F79EFBC}") = "Pudotusvalikko", "Pudotusvalikko\Pudotusvalikko.csproj", "{A53611FE-433A-4772-A403-14AAAB2AECC4}"
EndProject
Global
	GlobalSection(SolutionConfigurationPlatforms) = preSolution
		Debug|Any CPU = Debug|Any CPU
		Release|Any CPU = Release|Any CPU
	EndGlobalSection
	GlobalSection(ProjectConfigurationPlatforms) = postSolution
		{A53611FE-433A-4772-A403-14AAAB2AECC4}.Debug|Any CPU.ActiveCfg = Debug|Any CPU
		{A53611FE-433A-4772-A403-14AAAB2AECC4}.Debug|Any CPU.Build.0 = Debug|Any CPU
		{A53611FE-433A-4772-A403-14AAAB2AECC4}.Release|Any CPU.ActiveCfg = Release|Any CPU
		{A53611FE-433A-4772-A403-14AAAB2AECC4}.Release|Any CPU.Build.0 = Release|Any CPU
	EndGlobalSection
	GlobalSection(SolutionProperties) = preSolution
		HideSolutionNode = FALSE
	EndGlobalSection
	GlobalSection(ExtensibilityGlobals) = postSolution
		SolutionGuid = {74FEE2A2-974F-41BC-9933-E0860635313C}
	EndGlobalSection
EndGlobal
