
Microsoft Visual Studio Solution File, Format Version 12.00
# Visual Studio Version 17
VisualStudioVersion = 17.4.33213.308
MinimumVisualStudioVersion = 10.0.40219.1
Project("{FAE04EC0-301F-11D3-BF4B-00C04F79EFBC}") = "CelciusFahrenheit", "CelciusFahrenheit\CelciusFahrenheit.csproj", "{46D04F5C-9FC2-47D7-9A85-26283C256E4B}"
EndProject
Global
	GlobalSection(SolutionConfigurationPlatforms) = preSolution
		Debug|Any CPU = Debug|Any CPU
		Release|Any CPU = Release|Any CPU
	EndGlobalSection
	GlobalSection(ProjectConfigurationPlatforms) = postSolution
		{46D04F5C-9FC2-47D7-9A85-26283C256E4B}.Debug|Any CPU.ActiveCfg = Debug|Any CPU
		{46D04F5C-9FC2-47D7-9A85-26283C256E4B}.Debug|Any CPU.Build.0 = Debug|Any CPU
		{46D04F5C-9FC2-47D7-9A85-26283C256E4B}.Release|Any CPU.ActiveCfg = Release|Any CPU
		{46D04F5C-9FC2-47D7-9A85-26283C256E4B}.Release|Any CPU.Build.0 = Release|Any CPU
	EndGlobalSection
	GlobalSection(SolutionProperties) = preSolution
		HideSolutionNode = FALSE
	EndGlobalSection
	GlobalSection(ExtensibilityGlobals) = postSolution
		SolutionGuid = {F7D3FD2B-B44E-4890-B73E-BF31ADAA971C}
	EndGlobalSection
EndGlobal
