
Microsoft Visual Studio Solution File, Format Version 12.00
# Visual Studio Version 17
VisualStudioVersion = 17.4.33213.308
MinimumVisualStudioVersion = 10.0.40219.1
Project("{FAE04EC0-301F-11D3-BF4B-00C04F79EFBC}") = "Muistio", "Muistio\Muistio.csproj", "{BE90C54C-E878-43A1-A295-76CF3392C11D}"
EndProject
Global
	GlobalSection(SolutionConfigurationPlatforms) = preSolution
		Debug|Any CPU = Debug|Any CPU
		Release|Any CPU = Release|Any CPU
	EndGlobalSection
	GlobalSection(ProjectConfigurationPlatforms) = postSolution
		{BE90C54C-E878-43A1-A295-76CF3392C11D}.Debug|Any CPU.ActiveCfg = Debug|Any CPU
		{BE90C54C-E878-43A1-A295-76CF3392C11D}.Debug|Any CPU.Build.0 = Debug|Any CPU
		{BE90C54C-E878-43A1-A295-76CF3392C11D}.Release|Any CPU.ActiveCfg = Release|Any CPU
		{BE90C54C-E878-43A1-A295-76CF3392C11D}.Release|Any CPU.Build.0 = Release|Any CPU
	EndGlobalSection
	GlobalSection(SolutionProperties) = preSolution
		HideSolutionNode = FALSE
	EndGlobalSection
	GlobalSection(ExtensibilityGlobals) = postSolution
		SolutionGuid = {6B06AAF1-4949-46F2-AEBE-5F7FDEE65820}
	EndGlobalSection
EndGlobal
