
Microsoft Visual Studio Solution File, Format Version 12.00
# Visual Studio Version 17
VisualStudioVersion = 17.4.33213.308
MinimumVisualStudioVersion = 10.0.40219.1
Project("{FAE04EC0-301F-11D3-BF4B-00C04F79EFBC}") = "Sekuntikello", "Sekuntikello\Sekuntikello.csproj", "{B9ADA627-FF6F-4B70-BDA7-C6E16F07743E}"
EndProject
Global
	GlobalSection(SolutionConfigurationPlatforms) = preSolution
		Debug|Any CPU = Debug|Any CPU
		Release|Any CPU = Release|Any CPU
	EndGlobalSection
	GlobalSection(ProjectConfigurationPlatforms) = postSolution
		{B9ADA627-FF6F-4B70-BDA7-C6E16F07743E}.Debug|Any CPU.ActiveCfg = Debug|Any CPU
		{B9ADA627-FF6F-4B70-BDA7-C6E16F07743E}.Debug|Any CPU.Build.0 = Debug|Any CPU
		{B9ADA627-FF6F-4B70-BDA7-C6E16F07743E}.Release|Any CPU.ActiveCfg = Release|Any CPU
		{B9ADA627-FF6F-4B70-BDA7-C6E16F07743E}.Release|Any CPU.Build.0 = Release|Any CPU
	EndGlobalSection
	GlobalSection(SolutionProperties) = preSolution
		HideSolutionNode = FALSE
	EndGlobalSection
	GlobalSection(ExtensibilityGlobals) = postSolution
		SolutionGuid = {5897EF48-436F-48BE-AFCA-16238C74169D}
	EndGlobalSection
EndGlobal
