
Microsoft Visual Studio Solution File, Format Version 12.00
# Visual Studio Version 17
VisualStudioVersion = 17.8.34408.163
MinimumVisualStudioVersion = 10.0.40219.1
Project("{FAE04EC0-301F-11D3-BF4B-00C04F79EFBC}") = "Harjoituksia 2", "Harjoituksia 2\Harjoituksia 2.csproj", "{8FEB5A77-EBFF-4B13-A24D-A5555CFB0369}"
EndProject
Global
	GlobalSection(SolutionConfigurationPlatforms) = preSolution
		Debug|Any CPU = Debug|Any CPU
		Release|Any CPU = Release|Any CPU
	EndGlobalSection
	GlobalSection(ProjectConfigurationPlatforms) = postSolution
		{8FEB5A77-EBFF-4B13-A24D-A5555CFB0369}.Debug|Any CPU.ActiveCfg = Debug|Any CPU
		{8FEB5A77-EBFF-4B13-A24D-A5555CFB0369}.Debug|Any CPU.Build.0 = Debug|Any CPU
		{8FEB5A77-EBFF-4B13-A24D-A5555CFB0369}.Release|Any CPU.ActiveCfg = Release|Any CPU
		{8FEB5A77-EBFF-4B13-A24D-A5555CFB0369}.Release|Any CPU.Build.0 = Release|Any CPU
	EndGlobalSection
	GlobalSection(SolutionProperties) = preSolution
		HideSolutionNode = FALSE
	EndGlobalSection
	GlobalSection(ExtensibilityGlobals) = postSolution
		SolutionGuid = {281E3686-1D1B-4546-95BF-A42E4D2A2B90}
	EndGlobalSection
EndGlobal
