
Microsoft Visual Studio Solution File, Format Version 12.00
# Visual Studio Version 17
VisualStudioVersion = 17.4.33213.308
MinimumVisualStudioVersion = 10.0.40219.1
Project("{FAE04EC0-301F-11D3-BF4B-00C04F79EFBC}") = "Paivakirja", "Paivakirja\Paivakirja.csproj", "{8BC1BA23-966E-4B5A-B2B4-0ACF34E80D73}"
EndProject
Global
	GlobalSection(SolutionConfigurationPlatforms) = preSolution
		Debug|Any CPU = Debug|Any CPU
		Release|Any CPU = Release|Any CPU
	EndGlobalSection
	GlobalSection(ProjectConfigurationPlatforms) = postSolution
		{8BC1BA23-966E-4B5A-B2B4-0ACF34E80D73}.Debug|Any CPU.ActiveCfg = Debug|Any CPU
		{8BC1BA23-966E-4B5A-B2B4-0ACF34E80D73}.Debug|Any CPU.Build.0 = Debug|Any CPU
		{8BC1BA23-966E-4B5A-B2B4-0ACF34E80D73}.Release|Any CPU.ActiveCfg = Release|Any CPU
		{8BC1BA23-966E-4B5A-B2B4-0ACF34E80D73}.Release|Any CPU.Build.0 = Release|Any CPU
	EndGlobalSection
	GlobalSection(SolutionProperties) = preSolution
		HideSolutionNode = FALSE
	EndGlobalSection
	GlobalSection(ExtensibilityGlobals) = postSolution
		SolutionGuid = {C9A9C400-E391-4F3B-9184-A63DB09B7979}
	EndGlobalSection
EndGlobal
