
Microsoft Visual Studio Solution File, Format Version 12.00
# Visual Studio Version 17
VisualStudioVersion = 17.8.34408.163
MinimumVisualStudioVersion = 10.0.40219.1
Project("{FAE04EC0-301F-11D3-BF4B-00C04F79EFBC}") = "SalasananTarkastus", "SalasananTarkastus\SalasananTarkastus.csproj", "{1D10BFFC-7FF8-42EA-8C33-F7CAB140B06D}"
EndProject
Global
	GlobalSection(SolutionConfigurationPlatforms) = preSolution
		Debug|Any CPU = Debug|Any CPU
		Release|Any CPU = Release|Any CPU
	EndGlobalSection
	GlobalSection(ProjectConfigurationPlatforms) = postSolution
		{1D10BFFC-7FF8-42EA-8C33-F7CAB140B06D}.Debug|Any CPU.ActiveCfg = Debug|Any CPU
		{1D10BFFC-7FF8-42EA-8C33-F7CAB140B06D}.Debug|Any CPU.Build.0 = Debug|Any CPU
		{1D10BFFC-7FF8-42EA-8C33-F7CAB140B06D}.Release|Any CPU.ActiveCfg = Release|Any CPU
		{1D10BFFC-7FF8-42EA-8C33-F7CAB140B06D}.Release|Any CPU.Build.0 = Release|Any CPU
	EndGlobalSection
	GlobalSection(SolutionProperties) = preSolution
		HideSolutionNode = FALSE
	EndGlobalSection
	GlobalSection(ExtensibilityGlobals) = postSolution
		SolutionGuid = {F6D5653B-CCBC-4261-A481-9B4D065CC8FE}
	EndGlobalSection
EndGlobal
