
Microsoft Visual Studio Solution File, Format Version 12.00
# Visual Studio Version 17
VisualStudioVersion = 17.4.33213.308
MinimumVisualStudioVersion = 10.0.40219.1
Project("{FAE04EC0-301F-11D3-BF4B-00C04F79EFBC}") = "T20-CRUD", "T20-CRUD\T20-CRUD.csproj", "{4C4A92CF-6330-4D97-B453-899D0AF273B0}"
EndProject
Global
	GlobalSection(SolutionConfigurationPlatforms) = preSolution
		Debug|Any CPU = Debug|Any CPU
		Release|Any CPU = Release|Any CPU
	EndGlobalSection
	GlobalSection(ProjectConfigurationPlatforms) = postSolution
		{4C4A92CF-6330-4D97-B453-899D0AF273B0}.Debug|Any CPU.ActiveCfg = Debug|Any CPU
		{4C4A92CF-6330-4D97-B453-899D0AF273B0}.Debug|Any CPU.Build.0 = Debug|Any CPU
		{4C4A92CF-6330-4D97-B453-899D0AF273B0}.Release|Any CPU.ActiveCfg = Release|Any CPU
		{4C4A92CF-6330-4D97-B453-899D0AF273B0}.Release|Any CPU.Build.0 = Release|Any CPU
	EndGlobalSection
	GlobalSection(SolutionProperties) = preSolution
		HideSolutionNode = FALSE
	EndGlobalSection
	GlobalSection(ExtensibilityGlobals) = postSolution
		SolutionGuid = {91369A55-3AA8-4C6D-BAC4-9CE604C281A0}
	EndGlobalSection
EndGlobal
